PODS:
  - LCXPodB (0.2.0):
    - LCXPodB/PodGroup1 (= 0.2.0)
    - LCXPodB/PodGroup2 (= 0.2.0)
  - LCXPodB/PodGroup1 (0.2.0)
  - LCXPodB/PodGroup2 (0.2.0)

DEPENDENCIES:
  - LCXPodB (from `../`)

EXTERNAL SOURCES:
  LCXPodB:
    :path: "../"

SPEC CHECKSUMS:
  LCXPodB: 7fa9856b739963e4d81d2759cfaaa830adda3f33

PODFILE CHECKSUM: 7bdf15d5bd8273624ac814482f41d2f0d067d20f

COCOAPODS: 1.8.4
